<?xml version="1.0" encoding="utf-8"?>
<Project ToolsVersion="4.0" xmlns="http://schemas.microsoft.com/developer/msbuild/2003">
  <ItemGroup>
    <ClCompile Include="AnimationData.cpp" />
    <ClCompile Include="Bullet.cpp" />
    <ClCompile Include="CharacterManager.cpp" />
    <ClCompile Include="CollisionManager.cpp" />
    <ClCompile Include="EffectManager.cpp" />
    <ClCompile Include="BulletManager.cpp" />
    <ClCompile Include="GamePad.cpp" />
    <ClCompile Include="HP.cpp" />
    <ClCompile Include="Stage.cpp" />
    <ClCompile Include="UICanvas.cpp" />
    <ClCompile Include="Weapon.cpp" />
    <ClCompile Include="Effect.cpp" />
    <ClCompile Include="Character.cpp" />
    <ClCompile Include="Enemy.cpp" />
    <ClCompile Include="Player.cpp" />
    <ClCompile Include="Game.cpp" />
    <ClCompile Include="GameClear.cpp" />
    <ClCompile Include="GameOver.cpp" />
    <ClCompile Include="Title.cpp" />
    <ClCompile Include="GameApp.cpp" />
    <ClCompile Include="StopWatch.cpp" />
    <ClCompile Include="WinMain.cpp" />
    <ClCompile Include="ThreeWayGun.cpp" />
    <ClCompile Include="MachineGun.cpp" />
    <ClCompile Include="BoomerangBullet.cpp" />
    <ClCompile Include="HomingBullet.cpp" />
  </ItemGroup>
  <ItemGroup>
    <ClInclude Include="AnimationData.h" />
    <ClInclude Include="AssetBase.h" />
    <ClInclude Include="AssetDefine.h" />
    <ClInclude Include="Bullet.h" />
    <ClInclude Include="BulletManager.h" />
    <ClInclude Include="Character.h" />
    <ClInclude Include="CharacterManager.h" />
    <ClInclude Include="CollisionManager.h" />
    <ClInclude Include="Effect.h" />
    <ClInclude Include="EffectManager.h" />
    <ClInclude Include="Enemy.h" />
    <ClInclude Include="GamePad.h" />
    <ClInclude Include="HP.h" />
    <ClInclude Include="MachineGun.h" />
    <ClInclude Include="Player.h" />
    <ClInclude Include="Game.h" />
    <ClInclude Include="GameClear.h" />
    <ClInclude Include="GameOver.h" />
    <ClInclude Include="Stage.h" />
    <ClInclude Include="ThreeWayGun.h" />
    <ClInclude Include="Stage1.h" />
    <ClInclude Include="Title.h" />
    <ClInclude Include="GameApp.h" />
    <ClInclude Include="SceneDefine.h" />
    <ClInclude Include="SceneManager.h" />
    <ClInclude Include="StopWatch.h" />
    <ClInclude Include="UICanvas.h" />
    <ClInclude Include="Weapon.h" />
    <ClInclude Include="BoomerangBullet.h" />
    <ClInclude Include="HomingBullet.h" />
  </ItemGroup>
  <ItemGroup>
    <ResourceCompile Include="Version.rc" />
  </ItemGroup>
</Project>